// !$*UTF8*$!
{
	archiveVersion = 1;
	classes = {
	};
	objectVersion = 48;
	objects = {

/* Begin PBXBuildFile section */
		AEB741FDD1F3A46A417E0221 /* libPods-SLSocketKitDemo.a in Frameworks */ = {isa = PBXBuildFile; fileRef = 2BDF5196A93565194696C538 /* libPods-SLSocketKitDemo.a */; };
		CC605E6F2006FE5500CE5703 /* SLLocationManager.m in Sources */ = {isa = PBXBuildFile; fileRef = CC605E6E2006FE5500CE5703 /* SLLocationManager.m */; };
		CC605E732007061300CE5703 /* CFSocketManager.m in Sources */ = {isa = PBXBuildFile; fileRef = CC605E722007061300CE5703 /* CFSocketManager.m */; };
		CC605E76200718E200CE5703 /* NSTimer+Addition.m in Sources */ = {isa = PBXBuildFile; fileRef = CC605E74200718E200CE5703 /* NSTimer+Addition.m */; };
		CC79C5D4200DA42800F80666 /* SLLoginViewController.m in Sources */ = {isa = PBXBuildFile; fileRef = CC79C5D2200DA42800F80666 /* SLLoginViewController.m */; };
		CC79C5D5200DA42800F80666 /* SLLoginViewController.xib in Resources */ = {isa = PBXBuildFile; fileRef = CC79C5D3200DA42800F80666 /* SLLoginViewController.xib */; };
		CC79C605200DA8F400F80666 /* UICollectionView+reactiveCocoa.m in Sources */ = {isa = PBXBuildFile; fileRef = CC79C5F8200DA8F400F80666 /* UICollectionView+reactiveCocoa.m */; };
		CC79C606200DA8F400F80666 /* XYScrollView.m in Sources */ = {isa = PBXBuildFile; fileRef = CC79C5FA200DA8F400F80666 /* XYScrollView.m */; };
		CC79C607200DA8F400F80666 /* XYView.m in Sources */ = {isa = PBXBuildFile; fileRef = CC79C5FD200DA8F400F80666 /* XYView.m */; };
		CC79C608200DA8F400F80666 /* XYViewController.m in Sources */ = {isa = PBXBuildFile; fileRef = CC79C5FF200DA8F400F80666 /* XYViewController.m */; };
		CC79C609200DA8F400F80666 /* XYViewModel.m in Sources */ = {isa = PBXBuildFile; fileRef = CC79C602200DA8F400F80666 /* XYViewModel.m */; };
		CC79C60C200DA9FA00F80666 /* SLShareLocationViewController.m in Sources */ = {isa = PBXBuildFile; fileRef = CC79C60B200DA9FA00F80666 /* SLShareLocationViewController.m */; };
		CC79C60F200DAA1900F80666 /* SLShareLocationView.m in Sources */ = {isa = PBXBuildFile; fileRef = CC79C60E200DAA1900F80666 /* SLShareLocationView.m */; };
		CC79C612200DAA4B00F80666 /* SLShareLocationViewModel.m in Sources */ = {isa = PBXBuildFile; fileRef = CC79C611200DAA4B00F80666 /* SLShareLocationViewModel.m */; };
		CC79C616200DAE6500F80666 /* SLShareLocationUserCell.m in Sources */ = {isa = PBXBuildFile; fileRef = CC79C614200DAE6500F80666 /* SLShareLocationUserCell.m */; };
		CC79C617200DAE6500F80666 /* SLShareLocationUserCell.xib in Resources */ = {isa = PBXBuildFile; fileRef = CC79C615200DAE6500F80666 /* SLShareLocationUserCell.xib */; };
		CC79C61A200DD5E400F80666 /* SLUserAnnotationView.m in Sources */ = {isa = PBXBuildFile; fileRef = CC79C619200DD5E400F80666 /* SLUserAnnotationView.m */; };
		CC79C61D200DDB3400F80666 /* SLUserAnnotation.m in Sources */ = {isa = PBXBuildFile; fileRef = CC79C61C200DDB3400F80666 /* SLUserAnnotation.m */; };
		CC79C620200EFF7B00F80666 /* SLLocationModel.m in Sources */ = {isa = PBXBuildFile; fileRef = CC79C61F200EFF7A00F80666 /* SLLocationModel.m */; };
		CC79C623200F233200F80666 /* NSObject+SLSocket.m in Sources */ = {isa = PBXBuildFile; fileRef = CC79C622200F233200F80666 /* NSObject+SLSocket.m */; };
		CC79C626200F48F900F80666 /* SLSocketRequestSerializer.m in Sources */ = {isa = PBXBuildFile; fileRef = CC79C625200F48F900F80666 /* SLSocketRequestSerializer.m */; };
		CC817EC82005E1C6003C5637 /* AppDelegate.m in Sources */ = {isa = PBXBuildFile; fileRef = CC817EC72005E1C6003C5637 /* AppDelegate.m */; };
		CC817ED02005E1C6003C5637 /* Assets.xcassets in Resources */ = {isa = PBXBuildFile; fileRef = CC817ECF2005E1C6003C5637 /* Assets.xcassets */; };
		CC817ED32005E1C6003C5637 /* LaunchScreen.storyboard in Resources */ = {isa = PBXBuildFile; fileRef = CC817ED12005E1C6003C5637 /* LaunchScreen.storyboard */; };
		CC817ED62005E1C6003C5637 /* main.m in Sources */ = {isa = PBXBuildFile; fileRef = CC817ED52005E1C6003C5637 /* main.m */; };
		CC817EE02005E3B2003C5637 /* UIColor+HexColor.m in Sources */ = {isa = PBXBuildFile; fileRef = CC817EDE2005E3B2003C5637 /* UIColor+HexColor.m */; };
		CC817EE52005E4F9003C5637 /* ViewController.m in Sources */ = {isa = PBXBuildFile; fileRef = CC817EE32005E4F9003C5637 /* ViewController.m */; };
		CC817EE62005E4F9003C5637 /* ViewController.xib in Resources */ = {isa = PBXBuildFile; fileRef = CC817EE42005E4F9003C5637 /* ViewController.xib */; };
		CCA21F34201044ED00DC14B3 /* SLShareLocationEmptyCell.m in Sources */ = {isa = PBXBuildFile; fileRef = CCA21F32201044ED00DC14B3 /* SLShareLocationEmptyCell.m */; };
		CCA21F35201044ED00DC14B3 /* SLShareLocationEmptyCell.xib in Resources */ = {isa = PBXBuildFile; fileRef = CCA21F33201044ED00DC14B3 /* SLShareLocationEmptyCell.xib */; };
		CCA21F3820106AA400DC14B3 /* SLAsyncSocketManager.m in Sources */ = {isa = PBXBuildFile; fileRef = CCA21F3720106AA400DC14B3 /* SLAsyncSocketManager.m */; };
		CCA21F4020106F8C00DC14B3 /* SLSocketConnectSerializer.m in Sources */ = {isa = PBXBuildFile; fileRef = CCA21F3F20106F8C00DC14B3 /* SLSocketConnectSerializer.m */; };
		CCA21F4420108FCD00DC14B3 /* SLSocketError.m in Sources */ = {isa = PBXBuildFile; fileRef = CCA21F4320108FCD00DC14B3 /* SLSocketError.m */; };
		CCA21F4E2010A40600DC14B3 /* XYProgressHUD.bundle in Resources */ = {isa = PBXBuildFile; fileRef = CCA21F472010A40600DC14B3 /* XYProgressHUD.bundle */; };
		CCA21F4F2010A40600DC14B3 /* UIView+XYHUDOperation.m in Sources */ = {isa = PBXBuildFile; fileRef = CCA21F492010A40600DC14B3 /* UIView+XYHUDOperation.m */; };
		CCA21F502010A40600DC14B3 /* XYIndefiniteAnimatedImageView.m in Sources */ = {isa = PBXBuildFile; fileRef = CCA21F4B2010A40600DC14B3 /* XYIndefiniteAnimatedImageView.m */; };
		CCA21F512010A40600DC14B3 /* XYProgressHUD.m in Sources */ = {isa = PBXBuildFile; fileRef = CCA21F4D2010A40600DC14B3 /* XYProgressHUD.m */; };
		CCA21F542010A45700DC14B3 /* XYCoreHUDCenter.m in Sources */ = {isa = PBXBuildFile; fileRef = CCA21F532010A45700DC14B3 /* XYCoreHUDCenter.m */; };
		CCA21F572010A5E600DC14B3 /* NSDictionary+SLSocket.m in Sources */ = {isa = PBXBuildFile; fileRef = CCA21F562010A5E600DC14B3 /* NSDictionary+SLSocket.m */; };
/* End PBXBuildFile section */

/* Begin PBXFileReference section */
		2BDF5196A93565194696C538 /* libPods-SLSocketKitDemo.a */ = {isa = PBXFileReference; explicitFileType = archive.ar; includeInIndex = 0; path = "libPods-SLSocketKitDemo.a"; sourceTree = BUILT_PRODUCTS_DIR; };
		5C88238AFAEE1FE6E1925BA7 /* Pods-SLSocketKitDemo.release.xcconfig */ = {isa = PBXFileReference; includeInIndex = 1; lastKnownFileType = text.xcconfig; name = "Pods-SLSocketKitDemo.release.xcconfig"; path = "Pods/Target Support Files/Pods-SLSocketKitDemo/Pods-SLSocketKitDemo.release.xcconfig"; sourceTree = "<group>"; };
		CC605E6D2006FE5500CE5703 /* SLLocationManager.h */ = {isa = PBXFileReference; lastKnownFileType = sourcecode.c.h; path = SLLocationManager.h; sourceTree = "<group>"; };
		CC605E6E2006FE5500CE5703 /* SLLocationManager.m */ = {isa = PBXFileReference; lastKnownFileType = sourcecode.c.objc; path = SLLocationManager.m; sourceTree = "<group>"; };
		CC605E712007061300CE5703 /* CFSocketManager.h */ = {isa = PBXFileReference; lastKnownFileType = sourcecode.c.h; path = CFSocketManager.h; sourceTree = "<group>"; };
		CC605E722007061300CE5703 /* CFSocketManager.m */ = {isa = PBXFileReference; lastKnownFileType = sourcecode.c.objc; path = CFSocketManager.m; sourceTree = "<group>"; };
		CC605E74200718E200CE5703 /* NSTimer+Addition.m */ = {isa = PBXFileReference; fileEncoding = 4; lastKnownFileType = sourcecode.c.objc; path = "NSTimer+Addition.m"; sourceTree = "<group>"; };
		CC605E75200718E200CE5703 /* NSTimer+Addition.h */ = {isa = PBXFileReference; fileEncoding = 4; lastKnownFileType = sourcecode.c.h; path = "NSTimer+Addition.h"; sourceTree = "<group>"; };
		CC79C5D1200DA42800F80666 /* SLLoginViewController.h */ = {isa = PBXFileReference; fileEncoding = 4; lastKnownFileType = sourcecode.c.h; path = SLLoginViewController.h; sourceTree = "<group>"; };
		CC79C5D2200DA42800F80666 /* SLLoginViewController.m */ = {isa = PBXFileReference; fileEncoding = 4; lastKnownFileType = sourcecode.c.objc; path = SLLoginViewController.m; sourceTree = "<group>"; };
		CC79C5D3200DA42800F80666 /* SLLoginViewController.xib */ = {isa = PBXFileReference; fileEncoding = 4; lastKnownFileType = file.xib; path = SLLoginViewController.xib; sourceTree = "<group>"; };
		CC79C5F7200DA8F400F80666 /* UICollectionView+reactiveCocoa.h */ = {isa = PBXFileReference; fileEncoding = 4; lastKnownFileType = sourcecode.c.h; path = "UICollectionView+reactiveCocoa.h"; sourceTree = "<group>"; };
		CC79C5F8200DA8F400F80666 /* UICollectionView+reactiveCocoa.m */ = {isa = PBXFileReference; fileEncoding = 4; lastKnownFileType = sourcecode.c.objc; path = "UICollectionView+reactiveCocoa.m"; sourceTree = "<group>"; };
		CC79C5F9200DA8F400F80666 /* XYScrollView.h */ = {isa = PBXFileReference; fileEncoding = 4; lastKnownFileType = sourcecode.c.h; path = XYScrollView.h; sourceTree = "<group>"; };
		CC79C5FA200DA8F400F80666 /* XYScrollView.m */ = {isa = PBXFileReference; fileEncoding = 4; lastKnownFileType = sourcecode.c.objc; path = XYScrollView.m; sourceTree = "<group>"; };
		CC79C5FB200DA8F400F80666 /* XYScrollViewProtocol.h */ = {isa = PBXFileReference; fileEncoding = 4; lastKnownFileType = sourcecode.c.h; path = XYScrollViewProtocol.h; sourceTree = "<group>"; };
		CC79C5FC200DA8F400F80666 /* XYView.h */ = {isa = PBXFileReference; fileEncoding = 4; lastKnownFileType = sourcecode.c.h; path = XYView.h; sourceTree = "<group>"; };
		CC79C5FD200DA8F400F80666 /* XYView.m */ = {isa = PBXFileReference; fileEncoding = 4; lastKnownFileType = sourcecode.c.objc; path = XYView.m; sourceTree = "<group>"; };
		CC79C5FE200DA8F400F80666 /* XYViewController.h */ = {isa = PBXFileReference; fileEncoding = 4; lastKnownFileType = sourcecode.c.h; path = XYViewController.h; sourceTree = "<group>"; };
		CC79C5FF200DA8F400F80666 /* XYViewController.m */ = {isa = PBXFileReference; fileEncoding = 4; lastKnownFileType = sourcecode.c.objc; path = XYViewController.m; sourceTree = "<group>"; };
		CC79C600200DA8F400F80666 /* XYViewControllerProtocol.h */ = {isa = PBXFileReference; fileEncoding = 4; lastKnownFileType = sourcecode.c.h; path = XYViewControllerProtocol.h; sourceTree = "<group>"; };
		CC79C601200DA8F400F80666 /* XYViewModel.h */ = {isa = PBXFileReference; fileEncoding = 4; lastKnownFileType = sourcecode.c.h; path = XYViewModel.h; sourceTree = "<group>"; };
		CC79C602200DA8F400F80666 /* XYViewModel.m */ = {isa = PBXFileReference; fileEncoding = 4; lastKnownFileType = sourcecode.c.objc; path = XYViewModel.m; sourceTree = "<group>"; };
		CC79C603200DA8F400F80666 /* XYViewModelProtocol.h */ = {isa = PBXFileReference; fileEncoding = 4; lastKnownFileType = sourcecode.c.h; path = XYViewModelProtocol.h; sourceTree = "<group>"; };
		CC79C604200DA8F400F80666 /* XYViewProtocol.h */ = {isa = PBXFileReference; fileEncoding = 4; lastKnownFileType = sourcecode.c.h; path = XYViewProtocol.h; sourceTree = "<group>"; };
		CC79C60A200DA9FA00F80666 /* SLShareLocationViewController.h */ = {isa = PBXFileReference; lastKnownFileType = sourcecode.c.h; path = SLShareLocationViewController.h; sourceTree = "<group>"; };
		CC79C60B200DA9FA00F80666 /* SLShareLocationViewController.m */ = {isa = PBXFileReference; lastKnownFileType = sourcecode.c.objc; path = SLShareLocationViewController.m; sourceTree = "<group>"; };
		CC79C60D200DAA1900F80666 /* SLShareLocationView.h */ = {isa = PBXFileReference; lastKnownFileType = sourcecode.c.h; path = SLShareLocationView.h; sourceTree = "<group>"; };
		CC79C60E200DAA1900F80666 /* SLShareLocationView.m */ = {isa = PBXFileReference; lastKnownFileType = sourcecode.c.objc; path = SLShareLocationView.m; sourceTree = "<group>"; };
		CC79C610200DAA4B00F80666 /* SLShareLocationViewModel.h */ = {isa = PBXFileReference; lastKnownFileType = sourcecode.c.h; path = SLShareLocationViewModel.h; sourceTree = "<group>"; };
		CC79C611200DAA4B00F80666 /* SLShareLocationViewModel.m */ = {isa = PBXFileReference; lastKnownFileType = sourcecode.c.objc; path = SLShareLocationViewModel.m; sourceTree = "<group>"; };
		CC79C613200DAE6500F80666 /* SLShareLocationUserCell.h */ = {isa = PBXFileReference; lastKnownFileType = sourcecode.c.h; path = SLShareLocationUserCell.h; sourceTree = "<group>"; };
		CC79C614200DAE6500F80666 /* SLShareLocationUserCell.m */ = {isa = PBXFileReference; lastKnownFileType = sourcecode.c.objc; path = SLShareLocationUserCell.m; sourceTree = "<group>"; };
		CC79C615200DAE6500F80666 /* SLShareLocationUserCell.xib */ = {isa = PBXFileReference; lastKnownFileType = file.xib; path = SLShareLocationUserCell.xib; sourceTree = "<group>"; };
		CC79C618200DD5E400F80666 /* SLUserAnnotationView.h */ = {isa = PBXFileReference; lastKnownFileType = sourcecode.c.h; path = SLUserAnnotationView.h; sourceTree = "<group>"; };
		CC79C619200DD5E400F80666 /* SLUserAnnotationView.m */ = {isa = PBXFileReference; lastKnownFileType = sourcecode.c.objc; path = SLUserAnnotationView.m; sourceTree = "<group>"; };
		CC79C61B200DDB3400F80666 /* SLUserAnnotation.h */ = {isa = PBXFileReference; lastKnownFileType = sourcecode.c.h; path = SLUserAnnotation.h; sourceTree = "<group>"; };
		CC79C61C200DDB3400F80666 /* SLUserAnnotation.m */ = {isa = PBXFileReference; lastKnownFileType = sourcecode.c.objc; path = SLUserAnnotation.m; sourceTree = "<group>"; };
		CC79C61E200EFF7A00F80666 /* SLLocationModel.h */ = {isa = PBXFileReference; lastKnownFileType = sourcecode.c.h; path = SLLocationModel.h; sourceTree = "<group>"; };
		CC79C61F200EFF7A00F80666 /* SLLocationModel.m */ = {isa = PBXFileReference; lastKnownFileType = sourcecode.c.objc; path = SLLocationModel.m; sourceTree = "<group>"; };
		CC79C621200F233200F80666 /* NSObject+SLSocket.h */ = {isa = PBXFileReference; lastKnownFileType = sourcecode.c.h; path = "NSObject+SLSocket.h"; sourceTree = "<group>"; };
		CC79C622200F233200F80666 /* NSObject+SLSocket.m */ = {isa = PBXFileReference; lastKnownFileType = sourcecode.c.objc; path = "NSObject+SLSocket.m"; sourceTree = "<group>"; };
		CC79C624200F48F900F80666 /* SLSocketRequestSerializer.h */ = {isa = PBXFileReference; lastKnownFileType = sourcecode.c.h; path = SLSocketRequestSerializer.h; sourceTree = "<group>"; };
		CC79C625200F48F900F80666 /* SLSocketRequestSerializer.m */ = {isa = PBXFileReference; lastKnownFileType = sourcecode.c.objc; path = SLSocketRequestSerializer.m; sourceTree = "<group>"; };
		CC817EC32005E1C6003C5637 /* SLSocketKitDemo.app */ = {isa = PBXFileReference; explicitFileType = wrapper.application; includeInIndex = 0; path = SLSocketKitDemo.app; sourceTree = BUILT_PRODUCTS_DIR; };
		CC817EC62005E1C6003C5637 /* AppDelegate.h */ = {isa = PBXFileReference; lastKnownFileType = sourcecode.c.h; path = AppDelegate.h; sourceTree = "<group>"; };
		CC817EC72005E1C6003C5637 /* AppDelegate.m */ = {isa = PBXFileReference; lastKnownFileType = sourcecode.c.objc; path = AppDelegate.m; sourceTree = "<group>"; };
		CC817ECF2005E1C6003C5637 /* Assets.xcassets */ = {isa = PBXFileReference; lastKnownFileType = folder.assetcatalog; path = Assets.xcassets; sourceTree = "<group>"; };
		CC817ED22005E1C6003C5637 /* Base */ = {isa = PBXFileReference; lastKnownFileType = file.storyboard; name = Base; path = Base.lproj/LaunchScreen.storyboard; sourceTree = "<group>"; };
		CC817ED42005E1C6003C5637 /* Info.plist */ = {isa = PBXFileReference; lastKnownFileType = text.plist.xml; path = Info.plist; sourceTree = "<group>"; };
		CC817ED52005E1C6003C5637 /* main.m */ = {isa = PBXFileReference; lastKnownFileType = sourcecode.c.objc; path = main.m; sourceTree = "<group>"; };
		CC817EDC2005E344003C5637 /* PrefixHeader.pch */ = {isa = PBXFileReference; lastKnownFileType = sourcecode.c.h; path = PrefixHeader.pch; sourceTree = "<group>"; };
		CC817EDE2005E3B2003C5637 /* UIColor+HexColor.m */ = {isa = PBXFileReference; fileEncoding = 4; lastKnownFileType = sourcecode.c.objc; path = "UIColor+HexColor.m"; sourceTree = "<group>"; };
		CC817EDF2005E3B2003C5637 /* UIColor+HexColor.h */ = {isa = PBXFileReference; fileEncoding = 4; lastKnownFileType = sourcecode.c.h; path = "UIColor+HexColor.h"; sourceTree = "<group>"; };
		CC817EE12005E3C8003C5637 /* Common.h */ = {isa = PBXFileReference; fileEncoding = 4; lastKnownFileType = sourcecode.c.h; path = Common.h; sourceTree = "<group>"; };
		CC817EE22005E4F9003C5637 /* ViewController.h */ = {isa = PBXFileReference; lastKnownFileType = sourcecode.c.h; path = ViewController.h; sourceTree = "<group>"; };
		CC817EE32005E4F9003C5637 /* ViewController.m */ = {isa = PBXFileReference; lastKnownFileType = sourcecode.c.objc; path = ViewController.m; sourceTree = "<group>"; };
		CC817EE42005E4F9003C5637 /* ViewController.xib */ = {isa = PBXFileReference; lastKnownFileType = file.xib; path = ViewController.xib; sourceTree = "<group>"; };
		CCA21F31201044ED00DC14B3 /* SLShareLocationEmptyCell.h */ = {isa = PBXFileReference; lastKnownFileType = sourcecode.c.h; path = SLShareLocationEmptyCell.h; sourceTree = "<group>"; };
		CCA21F32201044ED00DC14B3 /* SLShareLocationEmptyCell.m */ = {isa = PBXFileReference; lastKnownFileType = sourcecode.c.objc; path = SLShareLocationEmptyCell.m; sourceTree = "<group>"; };
		CCA21F33201044ED00DC14B3 /* SLShareLocationEmptyCell.xib */ = {isa = PBXFileReference; lastKnownFileType = file.xib; path = SLShareLocationEmptyCell.xib; sourceTree = "<group>"; };
		CCA21F3620106AA400DC14B3 /* SLAsyncSocketManager.h */ = {isa = PBXFileReference; lastKnownFileType = sourcecode.c.h; path = SLAsyncSocketManager.h; sourceTree = "<group>"; };
		CCA21F3720106AA400DC14B3 /* SLAsyncSocketManager.m */ = {isa = PBXFileReference; lastKnownFileType = sourcecode.c.objc; path = SLAsyncSocketManager.m; sourceTree = "<group>"; };
		CCA21F3E20106F8B00DC14B3 /* SLSocketConnectSerializer.h */ = {isa = PBXFileReference; lastKnownFileType = sourcecode.c.h; path = SLSocketConnectSerializer.h; sourceTree = "<group>"; };
		CCA21F3F20106F8C00DC14B3 /* SLSocketConnectSerializer.m */ = {isa = PBXFileReference; lastKnownFileType = sourcecode.c.objc; path = SLSocketConnectSerializer.m; sourceTree = "<group>"; };
		CCA21F4220108FCD00DC14B3 /* SLSocketError.h */ = {isa = PBXFileReference; lastKnownFileType = sourcecode.c.h; path = SLSocketError.h; sourceTree = "<group>"; };
		CCA21F4320108FCD00DC14B3 /* SLSocketError.m */ = {isa = PBXFileReference; lastKnownFileType = sourcecode.c.objc; path = SLSocketError.m; sourceTree = "<group>"; };
		CCA21F472010A40600DC14B3 /* XYProgressHUD.bundle */ = {isa = PBXFileReference; lastKnownFileType = "wrapper.plug-in"; path = XYProgressHUD.bundle; sourceTree = "<group>"; };
		CCA21F482010A40600DC14B3 /* UIView+XYHUDOperation.h */ = {isa = PBXFileReference; fileEncoding = 4; lastKnownFileType = sourcecode.c.h; path = "UIView+XYHUDOperation.h"; sourceTree = "<group>"; };
		CCA21F492010A40600DC14B3 /* UIView+XYHUDOperation.m */ = {isa = PBXFileReference; fileEncoding = 4; lastKnownFileType = sourcecode.c.objc; path = "UIView+XYHUDOperation.m"; sourceTree = "<group>"; };
		CCA21F4A2010A40600DC14B3 /* XYIndefiniteAnimatedImageView.h */ = {isa = PBXFileReference; fileEncoding = 4; lastKnownFileType = sourcecode.c.h; path = XYIndefiniteAnimatedImageView.h; sourceTree = "<group>"; };
		CCA21F4B2010A40600DC14B3 /* XYIndefiniteAnimatedImageView.m */ = {isa = PBXFileReference; fileEncoding = 4; lastKnownFileType = sourcecode.c.objc; path = XYIndefiniteAnimatedImageView.m; sourceTree = "<group>"; };
		CCA21F4C2010A40600DC14B3 /* XYProgressHUD.h */ = {isa = PBXFileReference; fileEncoding = 4; lastKnownFileType = sourcecode.c.h; path = XYProgressHUD.h; sourceTree = "<group>"; };
		CCA21F4D2010A40600DC14B3 /* XYProgressHUD.m */ = {isa = PBXFileReference; fileEncoding = 4; lastKnownFileType = sourcecode.c.objc; path = XYProgressHUD.m; sourceTree = "<group>"; };
		CCA21F522010A45700DC14B3 /* XYCoreHUDCenter.h */ = {isa = PBXFileReference; fileEncoding = 4; lastKnownFileType = sourcecode.c.h; path = XYCoreHUDCenter.h; sourceTree = "<group>"; };
		CCA21F532010A45700DC14B3 /* XYCoreHUDCenter.m */ = {isa = PBXFileReference; fileEncoding = 4; lastKnownFileType = sourcecode.c.objc; path = XYCoreHUDCenter.m; sourceTree = "<group>"; };
		CCA21F552010A5E600DC14B3 /* NSDictionary+SLSocket.h */ = {isa = PBXFileReference; lastKnownFileType = sourcecode.c.h; path = "NSDictionary+SLSocket.h"; sourceTree = "<group>"; };
		CCA21F562010A5E600DC14B3 /* NSDictionary+SLSocket.m */ = {isa = PBXFileReference; lastKnownFileType = sourcecode.c.objc; path = "NSDictionary+SLSocket.m"; sourceTree = "<group>"; };
		F60D6E5772DA1F3C75FD2881 /* Pods-SLSocketKitDemo.debug.xcconfig */ = {isa = PBXFileReference; includeInIndex = 1; lastKnownFileType = text.xcconfig; name = "Pods-SLSocketKitDemo.debug.xcconfig"; path = "Pods/Target Support Files/Pods-SLSocketKitDemo/Pods-SLSocketKitDemo.debug.xcconfig"; sourceTree = "<group>"; };
/* End PBXFileReference section */

/* Begin PBXFrameworksBuildPhase section */
		CC817EC02005E1C6003C5637 /* Frameworks */ = {
			isa = PBXFrameworksBuildPhase;
			buildActionMask = 2147483647;
			files = (
				AEB741FDD1F3A46A417E0221 /* libPods-SLSocketKitDemo.a in Frameworks */,
			);
			runOnlyForDeploymentPostprocessing = 0;
		};
/* End PBXFrameworksBuildPhase section */

/* Begin PBXGroup section */
		77024329F6D606FB440725D7 /* Pods */ = {
			isa = PBXGroup;
			children = (
				F60D6E5772DA1F3C75FD2881 /* Pods-SLSocketKitDemo.debug.xcconfig */,
				5C88238AFAEE1FE6E1925BA7 /* Pods-SLSocketKitDemo.release.xcconfig */,
			);
			name = Pods;
			sourceTree = "<group>";
		};
		A92E1DBDB84386913C73E296 /* Frameworks */ = {
			isa = PBXGroup;
			children = (
				2BDF5196A93565194696C538 /* libPods-SLSocketKitDemo.a */,
			);
			name = Frameworks;
			sourceTree = "<group>";
		};
		CC605E6C2006FE2E00CE5703 /* SLLocationManager */ = {
			isa = PBXGroup;
			children = (
				CC605E6D2006FE5500CE5703 /* SLLocationManager.h */,
				CC605E6E2006FE5500CE5703 /* SLLocationManager.m */,
			);
			path = SLLocationManager;
			sourceTree = "<group>";
		};
		CC605E70200705E200CE5703 /* SLSocketKit */ = {
			isa = PBXGroup;
			children = (
				CCA21F4120108F9800DC14B3 /* Error */,
				CCA21F3D20106F2D00DC14B3 /* Category */,
				CCA21F3920106E1C00DC14B3 /* Serialization */,
				CC605E712007061300CE5703 /* CFSocketManager.h */,
				CC605E722007061300CE5703 /* CFSocketManager.m */,
				CCA21F3620106AA400DC14B3 /* SLAsyncSocketManager.h */,
				CCA21F3720106AA400DC14B3 /* SLAsyncSocketManager.m */,
			);
			name = SLSocketKit;
			path = ../../../../SLSocketKit;
			sourceTree = "<group>";
		};
		CC79C5D0200DA42800F80666 /* Login */ = {
			isa = PBXGroup;
			children = (
				CC79C5D1200DA42800F80666 /* SLLoginViewController.h */,
				CC79C5D2200DA42800F80666 /* SLLoginViewController.m */,
				CC79C5D3200DA42800F80666 /* SLLoginViewController.xib */,
			);
			path = Login;
			sourceTree = "<group>";
		};
		CC79C5D6200DA43200F80666 /* ShareLocation */ = {
			isa = PBXGroup;
			children = (
				CC79C5DD200DA4ED00F80666 /* Controller */,
				CC79C5DA200DA4EC00F80666 /* Model */,
				CC79C5DC200DA4EC00F80666 /* View */,
				CC79C5DB200DA4EC00F80666 /* ViewModel */,
			);
			path = ShareLocation;
			sourceTree = "<group>";
		};
		CC79C5DA200DA4EC00F80666 /* Model */ = {
			isa = PBXGroup;
			children = (
				CC79C61E200EFF7A00F80666 /* SLLocationModel.h */,
				CC79C61F200EFF7A00F80666 /* SLLocationModel.m */,
			);
			path = Model;
			sourceTree = "<group>";
		};
		CC79C5DB200DA4EC00F80666 /* ViewModel */ = {
			isa = PBXGroup;
			children = (
				CC79C610200DAA4B00F80666 /* SLShareLocationViewModel.h */,
				CC79C611200DAA4B00F80666 /* SLShareLocationViewModel.m */,
			);
			path = ViewModel;
			sourceTree = "<group>";
		};
		CC79C5DC200DA4EC00F80666 /* View */ = {
			isa = PBXGroup;
			children = (
				CC79C60D200DAA1900F80666 /* SLShareLocationView.h */,
				CC79C60E200DAA1900F80666 /* SLShareLocationView.m */,
				CC79C613200DAE6500F80666 /* SLShareLocationUserCell.h */,
				CC79C614200DAE6500F80666 /* SLShareLocationUserCell.m */,
				CC79C615200DAE6500F80666 /* SLShareLocationUserCell.xib */,
				CCA21F31201044ED00DC14B3 /* SLShareLocationEmptyCell.h */,
				CCA21F32201044ED00DC14B3 /* SLShareLocationEmptyCell.m */,
				CCA21F33201044ED00DC14B3 /* SLShareLocationEmptyCell.xib */,
				CC79C61B200DDB3400F80666 /* SLUserAnnotation.h */,
				CC79C61C200DDB3400F80666 /* SLUserAnnotation.m */,
				CC79C618200DD5E400F80666 /* SLUserAnnotationView.h */,
				CC79C619200DD5E400F80666 /* SLUserAnnotationView.m */,
			);
			path = View;
			sourceTree = "<group>";
		};
		CC79C5DD200DA4ED00F80666 /* Controller */ = {
			isa = PBXGroup;
			children = (
				CC79C60A200DA9FA00F80666 /* SLShareLocationViewController.h */,
				CC79C60B200DA9FA00F80666 /* SLShareLocationViewController.m */,
			);
			path = Controller;
			sourceTree = "<group>";
		};
		CC79C5F6200DA8F400F80666 /* UIKit */ = {
			isa = PBXGroup;
			children = (
				CC79C5FE200DA8F400F80666 /* XYViewController.h */,
				CC79C5FF200DA8F400F80666 /* XYViewController.m */,
				CC79C600200DA8F400F80666 /* XYViewControllerProtocol.h */,
				CC79C5FC200DA8F400F80666 /* XYView.h */,
				CC79C5FD200DA8F400F80666 /* XYView.m */,
				CC79C604200DA8F400F80666 /* XYViewProtocol.h */,
				CC79C601200DA8F400F80666 /* XYViewModel.h */,
				CC79C602200DA8F400F80666 /* XYViewModel.m */,
				CC79C603200DA8F400F80666 /* XYViewModelProtocol.h */,
				CC79C5F9200DA8F400F80666 /* XYScrollView.h */,
				CC79C5FA200DA8F400F80666 /* XYScrollView.m */,
				CC79C5FB200DA8F400F80666 /* XYScrollViewProtocol.h */,
				CC79C5F7200DA8F400F80666 /* UICollectionView+reactiveCocoa.h */,
				CC79C5F8200DA8F400F80666 /* UICollectionView+reactiveCocoa.m */,
			);
			path = UIKit;
			sourceTree = "<group>";
		};
		CC817EBA2005E1C6003C5637 = {
			isa = PBXGroup;
			children = (
				CC817EC52005E1C6003C5637 /* SLSocketKitDemo */,
				CC817EC42005E1C6003C5637 /* Products */,
				77024329F6D606FB440725D7 /* Pods */,
				A92E1DBDB84386913C73E296 /* Frameworks */,
			);
			sourceTree = "<group>";
		};
		CC817EC42005E1C6003C5637 /* Products */ = {
			isa = PBXGroup;
			children = (
				CC817EC32005E1C6003C5637 /* SLSocketKitDemo.app */,
			);
			name = Products;
			sourceTree = "<group>";
		};
		CC817EC52005E1C6003C5637 /* SLSocketKitDemo */ = {
			isa = PBXGroup;
			children = (
				CC79C5F6200DA8F400F80666 /* UIKit */,
				CC79C5D0200DA42800F80666 /* Login */,
				CC79C5D6200DA43200F80666 /* ShareLocation */,
				CC605E70200705E200CE5703 /* SLSocketKit */,
				CC605E6C2006FE2E00CE5703 /* SLLocationManager */,
				CC817EC62005E1C6003C5637 /* AppDelegate.h */,
				CC817EC72005E1C6003C5637 /* AppDelegate.m */,
				CC817EE22005E4F9003C5637 /* ViewController.h */,
				CC817EE32005E4F9003C5637 /* ViewController.m */,
				CC817EE42005E4F9003C5637 /* ViewController.xib */,
				CC817ECF2005E1C6003C5637 /* Assets.xcassets */,
				CC817ED12005E1C6003C5637 /* LaunchScreen.storyboard */,
				CC817ED42005E1C6003C5637 /* Info.plist */,
				CC817ED52005E1C6003C5637 /* main.m */,
				CC817EDD2005E395003C5637 /* Tools */,
				CC817EDC2005E344003C5637 /* PrefixHeader.pch */,
			);
			path = SLSocketKitDemo;
			sourceTree = "<group>";
		};
		CC817EDD2005E395003C5637 /* Tools */ = {
			isa = PBXGroup;
			children = (
				CCA21F452010A40600DC14B3 /* XYProgressHUD */,
				CC605E75200718E200CE5703 /* NSTimer+Addition.h */,
				CC605E74200718E200CE5703 /* NSTimer+Addition.m */,
				CC817EE12005E3C8003C5637 /* Common.h */,
				CC817EDF2005E3B2003C5637 /* UIColor+HexColor.h */,
				CC817EDE2005E3B2003C5637 /* UIColor+HexColor.m */,
			);
			path = Tools;
			sourceTree = "<group>";
		};
		CCA21F3920106E1C00DC14B3 /* Serialization */ = {
			isa = PBXGroup;
			children = (
				CC79C624200F48F900F80666 /* SLSocketRequestSerializer.h */,
				CC79C625200F48F900F80666 /* SLSocketRequestSerializer.m */,
				CCA21F3E20106F8B00DC14B3 /* SLSocketConnectSerializer.h */,
				CCA21F3F20106F8C00DC14B3 /* SLSocketConnectSerializer.m */,
			);
			path = Serialization;
			sourceTree = "<group>";
		};
		CCA21F3D20106F2D00DC14B3 /* Category */ = {
			isa = PBXGroup;
			children = (
				CC79C621200F233200F80666 /* NSObject+SLSocket.h */,
				CC79C622200F233200F80666 /* NSObject+SLSocket.m */,
				CCA21F552010A5E600DC14B3 /* NSDictionary+SLSocket.h */,
				CCA21F562010A5E600DC14B3 /* NSDictionary+SLSocket.m */,
			);
			path = Category;
			sourceTree = "<group>";
		};
		CCA21F4120108F9800DC14B3 /* Error */ = {
			isa = PBXGroup;
			children = (
				CCA21F4220108FCD00DC14B3 /* SLSocketError.h */,
				CCA21F4320108FCD00DC14B3 /* SLSocketError.m */,
			);
			path = Error;
			sourceTree = "<group>";
		};
		CCA21F452010A40600DC14B3 /* XYProgressHUD */ = {
			isa = PBXGroup;
			children = (
				CCA21F522010A45700DC14B3 /* XYCoreHUDCenter.h */,
				CCA21F532010A45700DC14B3 /* XYCoreHUDCenter.m */,
				CCA21F462010A40600DC14B3 /* Resources */,
				CCA21F482010A40600DC14B3 /* UIView+XYHUDOperation.h */,
				CCA21F492010A40600DC14B3 /* UIView+XYHUDOperation.m */,
				CCA21F4A2010A40600DC14B3 /* XYIndefiniteAnimatedImageView.h */,
				CCA21F4B2010A40600DC14B3 /* XYIndefiniteAnimatedImageView.m */,
				CCA21F4C2010A40600DC14B3 /* XYProgressHUD.h */,
				CCA21F4D2010A40600DC14B3 /* XYProgressHUD.m */,
			);
			path = XYProgressHUD;
			sourceTree = "<group>";
		};
		CCA21F462010A40600DC14B3 /* Resources */ = {
			isa = PBXGroup;
			children = (
				CCA21F472010A40600DC14B3 /* XYProgressHUD.bundle */,
			);
			path = Resources;
			sourceTree = "<group>";
		};
/* End PBXGroup section */

/* Begin PBXNativeTarget section */
		CC817EC22005E1C6003C5637 /* SLSocketKitDemo */ = {
			isa = PBXNativeTarget;
			buildConfigurationList = CC817ED92005E1C6003C5637 /* Build configuration list for PBXNativeTarget "SLSocketKitDemo" */;
			buildPhases = (
				9501E67DE05FD61CDC64AA1E /* [CP] Check Pods Manifest.lock */,
				CC817EBF2005E1C6003C5637 /* Sources */,
				CC817EC02005E1C6003C5637 /* Frameworks */,
				CC817EC12005E1C6003C5637 /* Resources */,
				BBD9C1487216C85066A385C7 /* [CP] Embed Pods Frameworks */,
				65C83CA3E29D85A99194883C /* [CP] Copy Pods Resources */,
			);
			buildRules = (
			);
			dependencies = (
			);
			name = SLSocketKitDemo;
			productName = SLSocketKitDemo;
			productReference = CC817EC32005E1C6003C5637 /* SLSocketKitDemo.app */;
			productType = "com.apple.product-type.application";
		};
/* End PBXNativeTarget section */

/* Begin PBXProject section */
		CC817EBB2005E1C6003C5637 /* Project object */ = {
			isa = PBXProject;
			attributes = {
				LastUpgradeCheck = 0920;
				ORGANIZATIONNAME = Will;
				TargetAttributes = {
					CC817EC22005E1C6003C5637 = {
						CreatedOnToolsVersion = 9.2;
						ProvisioningStyle = Automatic;
					};
				};
			};
			buildConfigurationList = CC817EBE2005E1C6003C5637 /* Build configuration list for PBXProject "SLSocketKitDemo" */;
			compatibilityVersion = "Xcode 8.0";
			developmentRegion = en;
			hasScannedForEncodings = 0;
			knownRegions = (
				en,
				Base,
			);
			mainGroup = CC817EBA2005E1C6003C5637;
			productRefGroup = CC817EC42005E1C6003C5637 /* Products */;
			projectDirPath = "";
			projectRoot = "";
			targets = (
				CC817EC22005E1C6003C5637 /* SLSocketKitDemo */,
			);
		};
/* End PBXProject section */

/* Begin PBXResourcesBuildPhase section */
		CC817EC12005E1C6003C5637 /* Resources */ = {
			isa = PBXResourcesBuildPhase;
			buildActionMask = 2147483647;
			files = (
				CC79C5D5200DA42800F80666 /* SLLoginViewController.xib in Resources */,
				CC817ED32005E1C6003C5637 /* LaunchScreen.storyboard in Resources */,
				CC79C617200DAE6500F80666 /* SLShareLocationUserCell.xib in Resources */,
				CC817EE62005E4F9003C5637 /* ViewController.xib in Resources */,
				CCA21F4E2010A40600DC14B3 /* XYProgressHUD.bundle in Resources */,
				CC817ED02005E1C6003C5637 /* Assets.xcassets in Resources */,
				CCA21F35201044ED00DC14B3 /* SLShareLocationEmptyCell.xib in Resources */,
			);
			runOnlyForDeploymentPostprocessing = 0;
		};
/* End PBXResourcesBuildPhase section */

/* Begin PBXShellScriptBuildPhase section */
		65C83CA3E29D85A99194883C /* [CP] Copy Pods Resources */ = {
			isa = PBXShellScriptBuildPhase;
			buildActionMask = 2147483647;
			files = (
			);
			inputPaths = (
				"${SRCROOT}/Pods/Target Support Files/Pods-SLSocketKitDemo/Pods-SLSocketKitDemo-resources.sh",
				"${PODS_ROOT}/AMap3DMap/MAMapKit.framework/AMap.bundle",
			);
			name = "[CP] Copy Pods Resources";
			outputPaths = (
				"${TARGET_BUILD_DIR}/${UNLOCALIZED_RESOURCES_FOLDER_PATH}",
			);
			runOnlyForDeploymentPostprocessing = 0;
			shellPath = /bin/sh;
			shellScript = "\"${SRCROOT}/Pods/Target Support Files/Pods-SLSocketKitDemo/Pods-SLSocketKitDemo-resources.sh\"\n";
			showEnvVarsInLog = 0;
		};
		9501E67DE05FD61CDC64AA1E /* [CP] Check Pods Manifest.lock */ = {
			isa = PBXShellScriptBuildPhase;
			buildActionMask = 2147483647;
			files = (
			);
			inputPaths = (
				"${PODS_PODFILE_DIR_PATH}/Podfile.lock",
				"${PODS_ROOT}/Manifest.lock",
			);
			name = "[CP] Check Pods Manifest.lock";
			outputPaths = (
				"$(DERIVED_FILE_DIR)/Pods-SLSocketKitDemo-checkManifestLockResult.txt",
			);
			runOnlyForDeploymentPostprocessing = 0;
			shellPath = /bin/sh;
			shellScript = "diff \"${PODS_PODFILE_DIR_PATH}/Podfile.lock\" \"${PODS_ROOT}/Manifest.lock\" > /dev/null\nif [ $? != 0 ] ; then\n    # print error to STDERR\n    echo \"error: The sandbox is not in sync with the Podfile.lock. Run 'pod install' or update your CocoaPods installation.\" >&2\n    exit 1\nfi\n# This output is used by Xcode 'outputs' to avoid re-running this script phase.\necho \"SUCCESS\" > \"${SCRIPT_OUTPUT_FILE_0}\"\n";
			showEnvVarsInLog = 0;
		};
		BBD9C1487216C85066A385C7 /* [CP] Embed Pods Frameworks */ = {
			isa = PBXShellScriptBuildPhase;
			buildActionMask = 2147483647;
			files = (
			);
			inputPaths = (
			);
			name = "[CP] Embed Pods Frameworks";
			outputPaths = (
			);
			runOnlyForDeploymentPostprocessing = 0;
			shellPath = /bin/sh;
			shellScript = "\"${SRCROOT}/Pods/Target Support Files/Pods-SLSocketKitDemo/Pods-SLSocketKitDemo-frameworks.sh\"\n";
			showEnvVarsInLog = 0;
		};
/* End PBXShellScriptBuildPhase section */

/* Begin PBXSourcesBuildPhase section */
		CC817EBF2005E1C6003C5637 /* Sources */ = {
			isa = PBXSourcesBuildPhase;
			buildActionMask = 2147483647;
			files = (
				CC79C616200DAE6500F80666 /* SLShareLocationUserCell.m in Sources */,
				CC79C60F200DAA1900F80666 /* SLShareLocationView.m in Sources */,
				CCA21F3820106AA400DC14B3 /* SLAsyncSocketManager.m in Sources */,
				CC79C609200DA8F400F80666 /* XYViewModel.m in Sources */,
				CCA21F4420108FCD00DC14B3 /* SLSocketError.m in Sources */,
				CC817EE02005E3B2003C5637 /* UIColor+HexColor.m in Sources */,
				CC79C5D4200DA42800F80666 /* SLLoginViewController.m in Sources */,
				CC79C623200F233200F80666 /* NSObject+SLSocket.m in Sources */,
				CC79C61D200DDB3400F80666 /* SLUserAnnotation.m in Sources */,
				CC79C626200F48F900F80666 /* SLSocketRequestSerializer.m in Sources */,
				CC79C606200DA8F400F80666 /* XYScrollView.m in Sources */,
				CCA21F34201044ED00DC14B3 /* SLShareLocationEmptyCell.m in Sources */,
				CC817ED62005E1C6003C5637 /* main.m in Sources */,
				CC817EE52005E4F9003C5637 /* ViewController.m in Sources */,
				CC79C620200EFF7B00F80666 /* SLLocationModel.m in Sources */,
				CC79C608200DA8F400F80666 /* XYViewController.m in Sources */,
				CC79C605200DA8F400F80666 /* UICollectionView+reactiveCocoa.m in Sources */,
				CC79C60C200DA9FA00F80666 /* SLShareLocationViewController.m in Sources */,
				CCA21F512010A40600DC14B3 /* XYProgressHUD.m in Sources */,
				CC79C61A200DD5E400F80666 /* SLUserAnnotationView.m in Sources */,
				CC605E6F2006FE5500CE5703 /* SLLocationManager.m in Sources */,
				CC817EC82005E1C6003C5637 /* AppDelegate.m in Sources */,
				CC79C612200DAA4B00F80666 /* SLShareLocationViewModel.m in Sources */,
				CCA21F572010A5E600DC14B3 /* NSDictionary+SLSocket.m in Sources */,
				CCA21F4F2010A40600DC14B3 /* UIView+XYHUDOperation.m in Sources */,
				CCA21F502010A40600DC14B3 /* XYIndefiniteAnimatedImageView.m in Sources */,
				CCA21F4020106F8C00DC14B3 /* SLSocketConnectSerializer.m in Sources */,
				CCA21F542010A45700DC14B3 /* XYCoreHUDCenter.m in Sources */,
				CC605E732007061300CE5703 /* CFSocketManager.m in Sources */,
				CC605E76200718E200CE5703 /* NSTimer+Addition.m in Sources */,
				CC79C607200DA8F400F80666 /* XYView.m in Sources */,
			);
			runOnlyForDeploymentPostprocessing = 0;
		};
/* End PBXSourcesBuildPhase section */

/* Begin PBXVariantGroup section */
		CC817ED12005E1C6003C5637 /* LaunchScreen.storyboard */ = {
			isa = PBXVariantGroup;
			children = (
				CC817ED22005E1C6003C5637 /* Base */,
			);
			name = LaunchScreen.storyboard;
			sourceTree = "<group>";
		};
/* End PBXVariantGroup section */

/* Begin XCBuildConfiguration section */
		CC817ED72005E1C6003C5637 /* Debug */ = {
			isa = XCBuildConfiguration;
			buildSettings = {
				ALWAYS_SEARCH_USER_PATHS = NO;
				CLANG_ANALYZER_NONNULL = YES;
				CLANG_ANALYZER_NUMBER_OBJECT_CONVERSION = YES_AGGRESSIVE;
				CLANG_CXX_LANGUAGE_STANDARD = "gnu++14";
				CLANG_CXX_LIBRARY = "libc++";
				CLANG_ENABLE_MODULES = YES;
				CLANG_ENABLE_OBJC_ARC = YES;
				CLANG_WARN_BLOCK_CAPTURE_AUTORELEASING = YES;
				CLANG_WARN_BOOL_CONVERSION = YES;
				CLANG_WARN_COMMA = YES;
				CLANG_WARN_CONSTANT_CONVERSION = YES;
				CLANG_WARN_DIRECT_OBJC_ISA_USAGE = YES_ERROR;
				CLANG_WARN_DOCUMENTATION_COMMENTS = YES;
				CLANG_WARN_EMPTY_BODY = YES;
				CLANG_WARN_ENUM_CONVERSION = YES;
				CLANG_WARN_INFINITE_RECURSION = YES;
				CLANG_WARN_INT_CONVERSION = YES;
				CLANG_WARN_NON_LITERAL_NULL_CONVERSION = YES;
				CLANG_WARN_OBJC_LITERAL_CONVERSION = YES;
				CLANG_WARN_OBJC_ROOT_CLASS = YES_ERROR;
				CLANG_WARN_RANGE_LOOP_ANALYSIS = YES;
				CLANG_WARN_STRICT_PROTOTYPES = YES;
				CLANG_WARN_SUSPICIOUS_MOVE = YES;
				CLANG_WARN_UNGUARDED_AVAILABILITY = YES_AGGRESSIVE;
				CLANG_WARN_UNREACHABLE_CODE = YES;
				CLANG_WARN__DUPLICATE_METHOD_MATCH = YES;
				CODE_SIGN_IDENTITY = "iPhone Developer";
				COPY_PHASE_STRIP = NO;
				DEBUG_INFORMATION_FORMAT = dwarf;
				ENABLE_STRICT_OBJC_MSGSEND = YES;
				ENABLE_TESTABILITY = YES;
				GCC_C_LANGUAGE_STANDARD = gnu11;
				GCC_DYNAMIC_NO_PIC = NO;
				GCC_NO_COMMON_BLOCKS = YES;
				GCC_OPTIMIZATION_LEVEL = 0;
				GCC_PREPROCESSOR_DEFINITIONS = (
					"DEBUG=1",
					"$(inherited)",
				);
				GCC_WARN_64_TO_32_BIT_CONVERSION = YES;
				GCC_WARN_ABOUT_RETURN_TYPE = YES_ERROR;
				GCC_WARN_UNDECLARED_SELECTOR = YES;
				GCC_WARN_UNINITIALIZED_AUTOS = YES_AGGRESSIVE;
				GCC_WARN_UNUSED_FUNCTION = YES;
				GCC_WARN_UNUSED_VARIABLE = YES;
				IPHONEOS_DEPLOYMENT_TARGET = 11.2;
				MTL_ENABLE_DEBUG_INFO = YES;
				ONLY_ACTIVE_ARCH = YES;
				SDKROOT = iphoneos;
			};
			name = Debug;
		};
		CC817ED82005E1C6003C5637 /* Release */ = {
			isa = XCBuildConfiguration;
			buildSettings = {
				ALWAYS_SEARCH_USER_PATHS = NO;
				CLANG_ANALYZER_NONNULL = YES;
				CLANG_ANALYZER_NUMBER_OBJECT_CONVERSION = YES_AGGRESSIVE;
				CLANG_CXX_LANGUAGE_STANDARD = "gnu++14";
				CLANG_CXX_LIBRARY = "libc++";
				CLANG_ENABLE_MODULES = YES;
				CLANG_ENABLE_OBJC_ARC = YES;
				CLANG_WARN_BLOCK_CAPTURE_AUTORELEASING = YES;
				CLANG_WARN_BOOL_CONVERSION = YES;
				CLANG_WARN_COMMA = YES;
				CLANG_WARN_CONSTANT_CONVERSION = YES;
				CLANG_WARN_DIRECT_OBJC_ISA_USAGE = YES_ERROR;
				CLANG_WARN_DOCUMENTATION_COMMENTS = YES;
				CLANG_WARN_EMPTY_BODY = YES;
				CLANG_WARN_ENUM_CONVERSION = YES;
				CLANG_WARN_INFINITE_RECURSION = YES;
				CLANG_WARN_INT_CONVERSION = YES;
				CLANG_WARN_NON_LITERAL_NULL_CONVERSION = YES;
				CLANG_WARN_OBJC_LITERAL_CONVERSION = YES;
				CLANG_WARN_OBJC_ROOT_CLASS = YES_ERROR;
				CLANG_WARN_RANGE_LOOP_ANALYSIS = YES;
				CLANG_WARN_STRICT_PROTOTYPES = YES;
				CLANG_WARN_SUSPICIOUS_MOVE = YES;
				CLANG_WARN_UNGUARDED_AVAILABILITY = YES_AGGRESSIVE;
				CLANG_WARN_UNREACHABLE_CODE = YES;
				CLANG_WARN__DUPLICATE_METHOD_MATCH = YES;
				CODE_SIGN_IDENTITY = "iPhone Developer";
				COPY_PHASE_STRIP = NO;
				DEBUG_INFORMATION_FORMAT = "dwarf-with-dsym";
				ENABLE_NS_ASSERTIONS = NO;
				ENABLE_STRICT_OBJC_MSGSEND = YES;
				GCC_C_LANGUAGE_STANDARD = gnu11;
				GCC_NO_COMMON_BLOCKS = YES;
				GCC_WARN_64_TO_32_BIT_CONVERSION = YES;
				GCC_WARN_ABOUT_RETURN_TYPE = YES_ERROR;
				GCC_WARN_UNDECLARED_SELECTOR = YES;
				GCC_WARN_UNINITIALIZED_AUTOS = YES_AGGRESSIVE;
				GCC_WARN_UNUSED_FUNCTION = YES;
				GCC_WARN_UNUSED_VARIABLE = YES;
				IPHONEOS_DEPLOYMENT_TARGET = 11.2;
				MTL_ENABLE_DEBUG_INFO = NO;
				SDKROOT = iphoneos;
				VALIDATE_PRODUCT = YES;
			};
			name = Release;
		};
		CC817EDA2005E1C6003C5637 /* Debug */ = {
			isa = XCBuildConfiguration;
			baseConfigurationReference = F60D6E5772DA1F3C75FD2881 /* Pods-SLSocketKitDemo.debug.xcconfig */;
			buildSettings = {
				ASSETCATALOG_COMPILER_APPICON_NAME = AppIcon;
				CODE_SIGN_STYLE = Automatic;
				DEVELOPMENT_TEAM = 266655SB8D;
				GCC_PRECOMPILE_PREFIX_HEADER = YES;
				GCC_PREFIX_HEADER = SLSocketKitDemo/PrefixHeader.pch;
				INFOPLIST_FILE = SLSocketKitDemo/Info.plist;
				IPHONEOS_DEPLOYMENT_TARGET = 8.0;
				LD_RUNPATH_SEARCH_PATHS = "$(inherited) @executable_path/Frameworks";
				PRODUCT_BUNDLE_IDENTIFIER = com.fbi.SLSocketKitDemo;
				PRODUCT_NAME = "$(TARGET_NAME)";
				TARGETED_DEVICE_FAMILY = 1;
			};
			name = Debug;
		};
		CC817EDB2005E1C6003C5637 /* Release */ = {
			isa = XCBuildConfiguration;
			baseConfigurationReference = 5C88238AFAEE1FE6E1925BA7 /* Pods-SLSocketKitDemo.release.xcconfig */;
			buildSettings = {
				ASSETCATALOG_COMPILER_APPICON_NAME = AppIcon;
				CODE_SIGN_STYLE = Automatic;
				DEVELOPMENT_TEAM = 266655SB8D;
				GCC_PRECOMPILE_PREFIX_HEADER = YES;
				GCC_PREFIX_HEADER = SLSocketKitDemo/PrefixHeader.pch;
				INFOPLIST_FILE = SLSocketKitDemo/Info.plist;
				IPHONEOS_DEPLOYMENT_TARGET = 8.0;
				LD_RUNPATH_SEARCH_PATHS = "$(inherited) @executable_path/Frameworks";
				PRODUCT_BUNDLE_IDENTIFIER = com.fbi.SLSocketKitDemo;
				PRODUCT_NAME = "$(TARGET_NAME)";
				TARGETED_DEVICE_FAMILY = 1;
			};
			name = Release;
		};
/* End XCBuildConfiguration section */

/* Begin XCConfigurationList section */
		CC817EBE2005E1C6003C5637 /* Build configuration list for PBXProject "SLSocketKitDemo" */ = {
			isa = XCConfigurationList;
			buildConfigurations = (
				CC817ED72005E1C6003C5637 /* Debug */,
				CC817ED82005E1C6003C5637 /* Release */,
			);
			defaultConfigurationIsVisible = 0;
			defaultConfigurationName = Release;
		};
		CC817ED92005E1C6003C5637 /* Build configuration list for PBXNativeTarget "SLSocketKitDemo" */ = {
			isa = XCConfigurationList;
			buildConfigurations = (
				CC817EDA2005E1C6003C5637 /* Debug */,
				CC817EDB2005E1C6003C5637 /* Release */,
			);
			defaultConfigurationIsVisible = 0;
			defaultConfigurationName = Release;
		};
/* End XCConfigurationList section */
	};
	rootObject = CC817EBB2005E1C6003C5637 /* Project object */;
}
