// !$*UTF8*$!
{
	archiveVersion = 1;
	classes = {
	};
	objectVersion = 46;
	objects = {

/* Begin PBXBuildFile section */
		4E1A6F7F1BC7D15100869354 /* MainViewController.m in Sources */ = {isa = PBXBuildFile; fileRef = 4E1A6F7D1BC7D15100869354 /* MainViewController.m */; };
		4E1A6F801BC7D15100869354 /* MainViewController.xib in Resources */ = {isa = PBXBuildFile; fileRef = 4E1A6F7E1BC7D15100869354 /* MainViewController.xib */; };
		4E7D1FC01BD0A0E900B84BBE /* NSTimer+Addition.m in Sources */ = {isa = PBXBuildFile; fileRef = 4E7D1FBA1BD0A0E900B84BBE /* NSTimer+Addition.m */; };
		4E7D1FC21BD0A0E900B84BBE /* UIFactionary.m in Sources */ = {isa = PBXBuildFile; fileRef = 4E7D1FBF1BD0A0E900B84BBE /* UIFactionary.m */; };
		4E9EAE4D19E3EDC0005C228B /* defaultAvatar.png in Resources */ = {isa = PBXBuildFile; fileRef = 4E9EAE4B19E3EDC0005C228B /* defaultAvatar.png */; };
		4E9EAE4E19E3EDC0005C228B /* defaultAvatar@2x.png in Resources */ = {isa = PBXBuildFile; fileRef = 4E9EAE4C19E3EDC0005C228B /* defaultAvatar@2x.png */; };
		4E9EAE7019E40BEB005C228B /* text_bg.png in Resources */ = {isa = PBXBuildFile; fileRef = 4E9EAE6E19E40BEB005C228B /* text_bg.png */; };
		4E9EAE7119E40BEB005C228B /* text_bg@2x.png in Resources */ = {isa = PBXBuildFile; fileRef = 4E9EAE6F19E40BEB005C228B /* text_bg@2x.png */; };
		4EA73B3A19E14296003189D0 /* Foundation.framework in Frameworks */ = {isa = PBXBuildFile; fileRef = 4EA73B3919E14296003189D0 /* Foundation.framework */; };
		4EA73B3C19E14296003189D0 /* CoreGraphics.framework in Frameworks */ = {isa = PBXBuildFile; fileRef = 4EA73B3B19E14296003189D0 /* CoreGraphics.framework */; };
		4EA73B3E19E14296003189D0 /* UIKit.framework in Frameworks */ = {isa = PBXBuildFile; fileRef = 4EA73B3D19E14296003189D0 /* UIKit.framework */; };
		4EA73B4419E14296003189D0 /* InfoPlist.strings in Resources */ = {isa = PBXBuildFile; fileRef = 4EA73B4219E14296003189D0 /* InfoPlist.strings */; };
		4EA73B4619E14296003189D0 /* main.m in Sources */ = {isa = PBXBuildFile; fileRef = 4EA73B4519E14296003189D0 /* main.m */; };
		4EA73B4A19E14296003189D0 /* AppDelegate.m in Sources */ = {isa = PBXBuildFile; fileRef = 4EA73B4919E14296003189D0 /* AppDelegate.m */; };
		4EA73B4C19E14296003189D0 /* Images.xcassets in Resources */ = {isa = PBXBuildFile; fileRef = 4EA73B4B19E14296003189D0 /* Images.xcassets */; };
		4EA73B5319E14296003189D0 /* XCTest.framework in Frameworks */ = {isa = PBXBuildFile; fileRef = 4EA73B5219E14296003189D0 /* XCTest.framework */; };
		4EA73B5419E14296003189D0 /* Foundation.framework in Frameworks */ = {isa = PBXBuildFile; fileRef = 4EA73B3919E14296003189D0 /* Foundation.framework */; };
		4EA73B5519E14296003189D0 /* UIKit.framework in Frameworks */ = {isa = PBXBuildFile; fileRef = 4EA73B3D19E14296003189D0 /* UIKit.framework */; };
		4EA73B5D19E14296003189D0 /* InfoPlist.strings in Resources */ = {isa = PBXBuildFile; fileRef = 4EA73B5B19E14296003189D0 /* InfoPlist.strings */; };
		4EA73B5F19E14296003189D0 /* tableViewTests.m in Sources */ = {isa = PBXBuildFile; fileRef = 4EA73B5E19E14296003189D0 /* tableViewTests.m */; };
		4ED309BF1BC7D82C00790631 /* apple.jpg in Resources */ = {isa = PBXBuildFile; fileRef = 4ED309BE1BC7D82C00790631 /* apple.jpg */; };
		C3AAC25B657F3907BD6D025E /* libPods-tableView.a in Frameworks */ = {isa = PBXBuildFile; fileRef = B581DB751070C45E3574E3E6 /* libPods-tableView.a */; };
		CC0E42741D655A6A00A8F8F5 /* Launch.xib in Resources */ = {isa = PBXBuildFile; fileRef = CC0E42731D655A6A00A8F8F5 /* Launch.xib */; };
		CC61248F1C34D49F00744BD1 /* UIColor+HexColor.m in Sources */ = {isa = PBXBuildFile; fileRef = CC61248E1C34D49F00744BD1 /* UIColor+HexColor.m */; };
/* End PBXBuildFile section */

/* Begin PBXContainerItemProxy section */
		4EA73B5619E14296003189D0 /* PBXContainerItemProxy */ = {
			isa = PBXContainerItemProxy;
			containerPortal = 4EA73B2E19E14296003189D0 /* Project object */;
			proxyType = 1;
			remoteGlobalIDString = 4EA73B3519E14296003189D0;
			remoteInfo = tableView;
		};
/* End PBXContainerItemProxy section */

/* Begin PBXFileReference section */
		037B00E941BA4E11C6B07870 /* Pods-tableView.release.xcconfig */ = {isa = PBXFileReference; includeInIndex = 1; lastKnownFileType = text.xcconfig; name = "Pods-tableView.release.xcconfig"; path = "Pods/Target Support Files/Pods-tableView/Pods-tableView.release.xcconfig"; sourceTree = "<group>"; };
		4E1A6F7C1BC7D15100869354 /* MainViewController.h */ = {isa = PBXFileReference; fileEncoding = 4; lastKnownFileType = sourcecode.c.h; path = MainViewController.h; sourceTree = "<group>"; };
		4E1A6F7D1BC7D15100869354 /* MainViewController.m */ = {isa = PBXFileReference; fileEncoding = 4; lastKnownFileType = sourcecode.c.objc; path = MainViewController.m; sourceTree = "<group>"; };
		4E1A6F7E1BC7D15100869354 /* MainViewController.xib */ = {isa = PBXFileReference; fileEncoding = 4; lastKnownFileType = file.xib; path = MainViewController.xib; sourceTree = "<group>"; };
		4E7D1FB91BD0A0E900B84BBE /* NSTimer+Addition.h */ = {isa = PBXFileReference; fileEncoding = 4; lastKnownFileType = sourcecode.c.h; path = "NSTimer+Addition.h"; sourceTree = "<group>"; };
		4E7D1FBA1BD0A0E900B84BBE /* NSTimer+Addition.m */ = {isa = PBXFileReference; fileEncoding = 4; lastKnownFileType = sourcecode.c.objc; path = "NSTimer+Addition.m"; sourceTree = "<group>"; };
		4E7D1FBD1BD0A0E900B84BBE /* CANSTS.h */ = {isa = PBXFileReference; fileEncoding = 4; lastKnownFileType = sourcecode.c.h; path = CANSTS.h; sourceTree = "<group>"; };
		4E7D1FBE1BD0A0E900B84BBE /* UIFactionary.h */ = {isa = PBXFileReference; fileEncoding = 4; lastKnownFileType = sourcecode.c.h; path = UIFactionary.h; sourceTree = "<group>"; };
		4E7D1FBF1BD0A0E900B84BBE /* UIFactionary.m */ = {isa = PBXFileReference; fileEncoding = 4; lastKnownFileType = sourcecode.c.objc; path = UIFactionary.m; sourceTree = "<group>"; };
		4E9EAE4B19E3EDC0005C228B /* defaultAvatar.png */ = {isa = PBXFileReference; lastKnownFileType = image.png; path = defaultAvatar.png; sourceTree = "<group>"; };
		4E9EAE4C19E3EDC0005C228B /* defaultAvatar@2x.png */ = {isa = PBXFileReference; lastKnownFileType = image.png; path = "defaultAvatar@2x.png"; sourceTree = "<group>"; };
		4E9EAE6E19E40BEB005C228B /* text_bg.png */ = {isa = PBXFileReference; lastKnownFileType = image.png; path = text_bg.png; sourceTree = "<group>"; };
		4E9EAE6F19E40BEB005C228B /* text_bg@2x.png */ = {isa = PBXFileReference; lastKnownFileType = image.png; path = "text_bg@2x.png"; sourceTree = "<group>"; };
		4EA73B3619E14296003189D0 /* tableView.app */ = {isa = PBXFileReference; explicitFileType = wrapper.application; includeInIndex = 0; path = tableView.app; sourceTree = BUILT_PRODUCTS_DIR; };
		4EA73B3919E14296003189D0 /* Foundation.framework */ = {isa = PBXFileReference; lastKnownFileType = wrapper.framework; name = Foundation.framework; path = System/Library/Frameworks/Foundation.framework; sourceTree = SDKROOT; };
		4EA73B3B19E14296003189D0 /* CoreGraphics.framework */ = {isa = PBXFileReference; lastKnownFileType = wrapper.framework; name = CoreGraphics.framework; path = System/Library/Frameworks/CoreGraphics.framework; sourceTree = SDKROOT; };
		4EA73B3D19E14296003189D0 /* UIKit.framework */ = {isa = PBXFileReference; lastKnownFileType = wrapper.framework; name = UIKit.framework; path = System/Library/Frameworks/UIKit.framework; sourceTree = SDKROOT; };
		4EA73B4119E14296003189D0 /* tableView-Info.plist */ = {isa = PBXFileReference; lastKnownFileType = text.plist.xml; path = "tableView-Info.plist"; sourceTree = "<group>"; };
		4EA73B4319E14296003189D0 /* en */ = {isa = PBXFileReference; lastKnownFileType = text.plist.strings; name = en; path = en.lproj/InfoPlist.strings; sourceTree = "<group>"; };
		4EA73B4519E14296003189D0 /* main.m */ = {isa = PBXFileReference; lastKnownFileType = sourcecode.c.objc; path = main.m; sourceTree = "<group>"; };
		4EA73B4719E14296003189D0 /* tableView-Prefix.pch */ = {isa = PBXFileReference; lastKnownFileType = sourcecode.c.h; path = "tableView-Prefix.pch"; sourceTree = "<group>"; };
		4EA73B4819E14296003189D0 /* AppDelegate.h */ = {isa = PBXFileReference; lastKnownFileType = sourcecode.c.h; path = AppDelegate.h; sourceTree = "<group>"; };
		4EA73B4919E14296003189D0 /* AppDelegate.m */ = {isa = PBXFileReference; lastKnownFileType = sourcecode.c.objc; path = AppDelegate.m; sourceTree = "<group>"; };
		4EA73B4B19E14296003189D0 /* Images.xcassets */ = {isa = PBXFileReference; lastKnownFileType = folder.assetcatalog; path = Images.xcassets; sourceTree = "<group>"; };
		4EA73B5119E14296003189D0 /* tableViewTests.xctest */ = {isa = PBXFileReference; explicitFileType = wrapper.cfbundle; includeInIndex = 0; path = tableViewTests.xctest; sourceTree = BUILT_PRODUCTS_DIR; };
		4EA73B5219E14296003189D0 /* XCTest.framework */ = {isa = PBXFileReference; lastKnownFileType = wrapper.framework; name = XCTest.framework; path = Library/Frameworks/XCTest.framework; sourceTree = DEVELOPER_DIR; };
		4EA73B5A19E14296003189D0 /* tableViewTests-Info.plist */ = {isa = PBXFileReference; lastKnownFileType = text.plist.xml; path = "tableViewTests-Info.plist"; sourceTree = "<group>"; };
		4EA73B5C19E14296003189D0 /* en */ = {isa = PBXFileReference; lastKnownFileType = text.plist.strings; name = en; path = en.lproj/InfoPlist.strings; sourceTree = "<group>"; };
		4EA73B5E19E14296003189D0 /* tableViewTests.m */ = {isa = PBXFileReference; lastKnownFileType = sourcecode.c.objc; path = tableViewTests.m; sourceTree = "<group>"; };
		4ED309BE1BC7D82C00790631 /* apple.jpg */ = {isa = PBXFileReference; lastKnownFileType = image.jpeg; path = apple.jpg; sourceTree = "<group>"; };
		6411D3D1F242D69CEEDB45E3 /* Pods-tableView.debug.xcconfig */ = {isa = PBXFileReference; includeInIndex = 1; lastKnownFileType = text.xcconfig; name = "Pods-tableView.debug.xcconfig"; path = "Pods/Target Support Files/Pods-tableView/Pods-tableView.debug.xcconfig"; sourceTree = "<group>"; };
		B581DB751070C45E3574E3E6 /* libPods-tableView.a */ = {isa = PBXFileReference; explicitFileType = archive.ar; includeInIndex = 0; path = "libPods-tableView.a"; sourceTree = BUILT_PRODUCTS_DIR; };
		CC0E42731D655A6A00A8F8F5 /* Launch.xib */ = {isa = PBXFileReference; fileEncoding = 4; lastKnownFileType = file.xib; path = Launch.xib; sourceTree = "<group>"; };
		CC61248D1C34D49F00744BD1 /* UIColor+HexColor.h */ = {isa = PBXFileReference; fileEncoding = 4; lastKnownFileType = sourcecode.c.h; path = "UIColor+HexColor.h"; sourceTree = "<group>"; };
		CC61248E1C34D49F00744BD1 /* UIColor+HexColor.m */ = {isa = PBXFileReference; fileEncoding = 4; lastKnownFileType = sourcecode.c.objc; path = "UIColor+HexColor.m"; sourceTree = "<group>"; };
		CCC17A431C1A779F0005B29A /* Common.h */ = {isa = PBXFileReference; fileEncoding = 4; lastKnownFileType = sourcecode.c.h; path = Common.h; sourceTree = "<group>"; };
/* End PBXFileReference section */

/* Begin PBXFrameworksBuildPhase section */
		4EA73B3319E14296003189D0 /* Frameworks */ = {
			isa = PBXFrameworksBuildPhase;
			buildActionMask = 2147483647;
			files = (
				4EA73B3C19E14296003189D0 /* CoreGraphics.framework in Frameworks */,
				4EA73B3E19E14296003189D0 /* UIKit.framework in Frameworks */,
				4EA73B3A19E14296003189D0 /* Foundation.framework in Frameworks */,
				C3AAC25B657F3907BD6D025E /* libPods-tableView.a in Frameworks */,
			);
			runOnlyForDeploymentPostprocessing = 0;
		};
		4EA73B4E19E14296003189D0 /* Frameworks */ = {
			isa = PBXFrameworksBuildPhase;
			buildActionMask = 2147483647;
			files = (
				4EA73B5319E14296003189D0 /* XCTest.framework in Frameworks */,
				4EA73B5519E14296003189D0 /* UIKit.framework in Frameworks */,
				4EA73B5419E14296003189D0 /* Foundation.framework in Frameworks */,
			);
			runOnlyForDeploymentPostprocessing = 0;
		};
/* End PBXFrameworksBuildPhase section */

/* Begin PBXGroup section */
		410771908A88A7A4A076A329 /* Pods */ = {
			isa = PBXGroup;
			children = (
				6411D3D1F242D69CEEDB45E3 /* Pods-tableView.debug.xcconfig */,
				037B00E941BA4E11C6B07870 /* Pods-tableView.release.xcconfig */,
			);
			name = Pods;
			sourceTree = "<group>";
		};
		4E7D1FB81BD0A0DD00B84BBE /* Utility */ = {
			isa = PBXGroup;
			children = (
				CC61248D1C34D49F00744BD1 /* UIColor+HexColor.h */,
				CC61248E1C34D49F00744BD1 /* UIColor+HexColor.m */,
				4E7D1FB91BD0A0E900B84BBE /* NSTimer+Addition.h */,
				4E7D1FBA1BD0A0E900B84BBE /* NSTimer+Addition.m */,
				4E7D1FBD1BD0A0E900B84BBE /* CANSTS.h */,
				4E7D1FBE1BD0A0E900B84BBE /* UIFactionary.h */,
				4E7D1FBF1BD0A0E900B84BBE /* UIFactionary.m */,
			);
			name = Utility;
			sourceTree = "<group>";
		};
		4EA73B2D19E14296003189D0 = {
			isa = PBXGroup;
			children = (
				4EA73B3F19E14296003189D0 /* tableView */,
				4EA73B5819E14296003189D0 /* tableViewTests */,
				4EA73B3819E14296003189D0 /* Frameworks */,
				4EA73B3719E14296003189D0 /* Products */,
				410771908A88A7A4A076A329 /* Pods */,
			);
			sourceTree = "<group>";
		};
		4EA73B3719E14296003189D0 /* Products */ = {
			isa = PBXGroup;
			children = (
				4EA73B3619E14296003189D0 /* tableView.app */,
				4EA73B5119E14296003189D0 /* tableViewTests.xctest */,
			);
			name = Products;
			sourceTree = "<group>";
		};
		4EA73B3819E14296003189D0 /* Frameworks */ = {
			isa = PBXGroup;
			children = (
				4EA73B3919E14296003189D0 /* Foundation.framework */,
				4EA73B3B19E14296003189D0 /* CoreGraphics.framework */,
				4EA73B3D19E14296003189D0 /* UIKit.framework */,
				4EA73B5219E14296003189D0 /* XCTest.framework */,
				B581DB751070C45E3574E3E6 /* libPods-tableView.a */,
			);
			name = Frameworks;
			sourceTree = "<group>";
		};
		4EA73B3F19E14296003189D0 /* tableView */ = {
			isa = PBXGroup;
			children = (
				4EA73B4819E14296003189D0 /* AppDelegate.h */,
				4EA73B4919E14296003189D0 /* AppDelegate.m */,
				CCC17A431C1A779F0005B29A /* Common.h */,
				4E1A6F7C1BC7D15100869354 /* MainViewController.h */,
				4E1A6F7D1BC7D15100869354 /* MainViewController.m */,
				4E1A6F7E1BC7D15100869354 /* MainViewController.xib */,
				CC0E42731D655A6A00A8F8F5 /* Launch.xib */,
				4EA73B4B19E14296003189D0 /* Images.xcassets */,
				4EA73B4019E14296003189D0 /* Supporting Files */,
			);
			path = tableView;
			sourceTree = "<group>";
		};
		4EA73B4019E14296003189D0 /* Supporting Files */ = {
			isa = PBXGroup;
			children = (
				4E7D1FB81BD0A0DD00B84BBE /* Utility */,
				4ED309BE1BC7D82C00790631 /* apple.jpg */,
				4E9EAE4B19E3EDC0005C228B /* defaultAvatar.png */,
				4E9EAE6E19E40BEB005C228B /* text_bg.png */,
				4E9EAE6F19E40BEB005C228B /* text_bg@2x.png */,
				4E9EAE4C19E3EDC0005C228B /* defaultAvatar@2x.png */,
				4EA73B4119E14296003189D0 /* tableView-Info.plist */,
				4EA73B4219E14296003189D0 /* InfoPlist.strings */,
				4EA73B4519E14296003189D0 /* main.m */,
				4EA73B4719E14296003189D0 /* tableView-Prefix.pch */,
			);
			name = "Supporting Files";
			sourceTree = "<group>";
		};
		4EA73B5819E14296003189D0 /* tableViewTests */ = {
			isa = PBXGroup;
			children = (
				4EA73B5E19E14296003189D0 /* tableViewTests.m */,
				4EA73B5919E14296003189D0 /* Supporting Files */,
			);
			path = tableViewTests;
			sourceTree = "<group>";
		};
		4EA73B5919E14296003189D0 /* Supporting Files */ = {
			isa = PBXGroup;
			children = (
				4EA73B5A19E14296003189D0 /* tableViewTests-Info.plist */,
				4EA73B5B19E14296003189D0 /* InfoPlist.strings */,
			);
			name = "Supporting Files";
			sourceTree = "<group>";
		};
/* End PBXGroup section */

/* Begin PBXNativeTarget section */
		4EA73B3519E14296003189D0 /* tableView */ = {
			isa = PBXNativeTarget;
			buildConfigurationList = 4EA73B6219E14296003189D0 /* Build configuration list for PBXNativeTarget "tableView" */;
			buildPhases = (
				EA4DD0F8B847CAAEADCF434D /* [CP] Check Pods Manifest.lock */,
				4EA73B3219E14296003189D0 /* Sources */,
				4EA73B3319E14296003189D0 /* Frameworks */,
				4EA73B3419E14296003189D0 /* Resources */,
				FC636CDAB135F2C9BBF7B0D8 /* [CP] Embed Pods Frameworks */,
				23796D2A0B944E62E9C9CEA4 /* [CP] Copy Pods Resources */,
			);
			buildRules = (
			);
			dependencies = (
			);
			name = tableView;
			productName = tableView;
			productReference = 4EA73B3619E14296003189D0 /* tableView.app */;
			productType = "com.apple.product-type.application";
		};
		4EA73B5019E14296003189D0 /* tableViewTests */ = {
			isa = PBXNativeTarget;
			buildConfigurationList = 4EA73B6519E14296003189D0 /* Build configuration list for PBXNativeTarget "tableViewTests" */;
			buildPhases = (
				4EA73B4D19E14296003189D0 /* Sources */,
				4EA73B4E19E14296003189D0 /* Frameworks */,
				4EA73B4F19E14296003189D0 /* Resources */,
			);
			buildRules = (
			);
			dependencies = (
				4EA73B5719E14296003189D0 /* PBXTargetDependency */,
			);
			name = tableViewTests;
			productName = tableViewTests;
			productReference = 4EA73B5119E14296003189D0 /* tableViewTests.xctest */;
			productType = "com.apple.product-type.bundle.unit-test";
		};
/* End PBXNativeTarget section */

/* Begin PBXProject section */
		4EA73B2E19E14296003189D0 /* Project object */ = {
			isa = PBXProject;
			attributes = {
				LastUpgradeCheck = 0510;
				ORGANIZATIONNAME = Kingnet;
				TargetAttributes = {
					4EA73B3519E14296003189D0 = {
						DevelopmentTeam = 3SE6KJCLPR;
					};
					4EA73B5019E14296003189D0 = {
						TestTargetID = 4EA73B3519E14296003189D0;
					};
				};
			};
			buildConfigurationList = 4EA73B3119E14296003189D0 /* Build configuration list for PBXProject "tableView" */;
			compatibilityVersion = "Xcode 3.2";
			developmentRegion = English;
			hasScannedForEncodings = 0;
			knownRegions = (
				en,
			);
			mainGroup = 4EA73B2D19E14296003189D0;
			productRefGroup = 4EA73B3719E14296003189D0 /* Products */;
			projectDirPath = "";
			projectRoot = "";
			targets = (
				4EA73B3519E14296003189D0 /* tableView */,
				4EA73B5019E14296003189D0 /* tableViewTests */,
			);
		};
/* End PBXProject section */

/* Begin PBXResourcesBuildPhase section */
		4EA73B3419E14296003189D0 /* Resources */ = {
			isa = PBXResourcesBuildPhase;
			buildActionMask = 2147483647;
			files = (
				4E9EAE4D19E3EDC0005C228B /* defaultAvatar.png in Resources */,
				4E9EAE7019E40BEB005C228B /* text_bg.png in Resources */,
				4ED309BF1BC7D82C00790631 /* apple.jpg in Resources */,
				4E9EAE4E19E3EDC0005C228B /* defaultAvatar@2x.png in Resources */,
				CC0E42741D655A6A00A8F8F5 /* Launch.xib in Resources */,
				4E1A6F801BC7D15100869354 /* MainViewController.xib in Resources */,
				4EA73B4419E14296003189D0 /* InfoPlist.strings in Resources */,
				4E9EAE7119E40BEB005C228B /* text_bg@2x.png in Resources */,
				4EA73B4C19E14296003189D0 /* Images.xcassets in Resources */,
			);
			runOnlyForDeploymentPostprocessing = 0;
		};
		4EA73B4F19E14296003189D0 /* Resources */ = {
			isa = PBXResourcesBuildPhase;
			buildActionMask = 2147483647;
			files = (
				4EA73B5D19E14296003189D0 /* InfoPlist.strings in Resources */,
			);
			runOnlyForDeploymentPostprocessing = 0;
		};
/* End PBXResourcesBuildPhase section */

/* Begin PBXShellScriptBuildPhase section */
		23796D2A0B944E62E9C9CEA4 /* [CP] Copy Pods Resources */ = {
			isa = PBXShellScriptBuildPhase;
			buildActionMask = 2147483647;
			files = (
			);
			inputPaths = (
			);
			name = "[CP] Copy Pods Resources";
			outputPaths = (
			);
			runOnlyForDeploymentPostprocessing = 0;
			shellPath = /bin/sh;
			shellScript = "\"${SRCROOT}/Pods/Target Support Files/Pods-tableView/Pods-tableView-resources.sh\"\n";
			showEnvVarsInLog = 0;
		};
		EA4DD0F8B847CAAEADCF434D /* [CP] Check Pods Manifest.lock */ = {
			isa = PBXShellScriptBuildPhase;
			buildActionMask = 2147483647;
			files = (
			);
			inputPaths = (
			);
			name = "[CP] Check Pods Manifest.lock";
			outputPaths = (
			);
			runOnlyForDeploymentPostprocessing = 0;
			shellPath = /bin/sh;
			shellScript = "diff \"${PODS_ROOT}/../Podfile.lock\" \"${PODS_ROOT}/Manifest.lock\" > /dev/null\nif [ $? != 0 ] ; then\n    # print error to STDERR\n    echo \"error: The sandbox is not in sync with the Podfile.lock. Run 'pod install' or update your CocoaPods installation.\" >&2\n    exit 1\nfi\n";
			showEnvVarsInLog = 0;
		};
		FC636CDAB135F2C9BBF7B0D8 /* [CP] Embed Pods Frameworks */ = {
			isa = PBXShellScriptBuildPhase;
			buildActionMask = 2147483647;
			files = (
			);
			inputPaths = (
			);
			name = "[CP] Embed Pods Frameworks";
			outputPaths = (
			);
			runOnlyForDeploymentPostprocessing = 0;
			shellPath = /bin/sh;
			shellScript = "\"${SRCROOT}/Pods/Target Support Files/Pods-tableView/Pods-tableView-frameworks.sh\"\n";
			showEnvVarsInLog = 0;
		};
/* End PBXShellScriptBuildPhase section */

/* Begin PBXSourcesBuildPhase section */
		4EA73B3219E14296003189D0 /* Sources */ = {
			isa = PBXSourcesBuildPhase;
			buildActionMask = 2147483647;
			files = (
				4EA73B4A19E14296003189D0 /* AppDelegate.m in Sources */,
				4E1A6F7F1BC7D15100869354 /* MainViewController.m in Sources */,
				4E7D1FC01BD0A0E900B84BBE /* NSTimer+Addition.m in Sources */,
				4EA73B4619E14296003189D0 /* main.m in Sources */,
				4E7D1FC21BD0A0E900B84BBE /* UIFactionary.m in Sources */,
				CC61248F1C34D49F00744BD1 /* UIColor+HexColor.m in Sources */,
			);
			runOnlyForDeploymentPostprocessing = 0;
		};
		4EA73B4D19E14296003189D0 /* Sources */ = {
			isa = PBXSourcesBuildPhase;
			buildActionMask = 2147483647;
			files = (
				4EA73B5F19E14296003189D0 /* tableViewTests.m in Sources */,
			);
			runOnlyForDeploymentPostprocessing = 0;
		};
/* End PBXSourcesBuildPhase section */

/* Begin PBXTargetDependency section */
		4EA73B5719E14296003189D0 /* PBXTargetDependency */ = {
			isa = PBXTargetDependency;
			target = 4EA73B3519E14296003189D0 /* tableView */;
			targetProxy = 4EA73B5619E14296003189D0 /* PBXContainerItemProxy */;
		};
/* End PBXTargetDependency section */

/* Begin PBXVariantGroup section */
		4EA73B4219E14296003189D0 /* InfoPlist.strings */ = {
			isa = PBXVariantGroup;
			children = (
				4EA73B4319E14296003189D0 /* en */,
			);
			name = InfoPlist.strings;
			sourceTree = "<group>";
		};
		4EA73B5B19E14296003189D0 /* InfoPlist.strings */ = {
			isa = PBXVariantGroup;
			children = (
				4EA73B5C19E14296003189D0 /* en */,
			);
			name = InfoPlist.strings;
			sourceTree = "<group>";
		};
/* End PBXVariantGroup section */

/* Begin XCBuildConfiguration section */
		4EA73B6019E14296003189D0 /* Debug */ = {
			isa = XCBuildConfiguration;
			buildSettings = {
				ALWAYS_SEARCH_USER_PATHS = NO;
				CLANG_CXX_LANGUAGE_STANDARD = "gnu++0x";
				CLANG_CXX_LIBRARY = "libc++";
				CLANG_ENABLE_MODULES = YES;
				CLANG_ENABLE_OBJC_ARC = YES;
				CLANG_WARN_BOOL_CONVERSION = YES;
				CLANG_WARN_CONSTANT_CONVERSION = YES;
				CLANG_WARN_DIRECT_OBJC_ISA_USAGE = YES_ERROR;
				CLANG_WARN_EMPTY_BODY = YES;
				CLANG_WARN_ENUM_CONVERSION = YES;
				CLANG_WARN_INT_CONVERSION = YES;
				CLANG_WARN_OBJC_ROOT_CLASS = YES_ERROR;
				CLANG_WARN__DUPLICATE_METHOD_MATCH = YES;
				"CODE_SIGN_IDENTITY[sdk=iphoneos*]" = "iPhone Developer";
				COPY_PHASE_STRIP = NO;
				GCC_C_LANGUAGE_STANDARD = gnu99;
				GCC_DYNAMIC_NO_PIC = NO;
				GCC_OPTIMIZATION_LEVEL = 0;
				GCC_PREPROCESSOR_DEFINITIONS = (
					"DEBUG=1",
					"$(inherited)",
				);
				GCC_SYMBOLS_PRIVATE_EXTERN = NO;
				GCC_WARN_64_TO_32_BIT_CONVERSION = YES;
				GCC_WARN_ABOUT_RETURN_TYPE = YES_ERROR;
				GCC_WARN_UNDECLARED_SELECTOR = YES;
				GCC_WARN_UNINITIALIZED_AUTOS = YES_AGGRESSIVE;
				GCC_WARN_UNUSED_FUNCTION = YES;
				GCC_WARN_UNUSED_VARIABLE = YES;
				IPHONEOS_DEPLOYMENT_TARGET = 7.1;
				ONLY_ACTIVE_ARCH = YES;
				SDKROOT = iphoneos;
				TARGETED_DEVICE_FAMILY = "1,2";
			};
			name = Debug;
		};
		4EA73B6119E14296003189D0 /* Release */ = {
			isa = XCBuildConfiguration;
			buildSettings = {
				ALWAYS_SEARCH_USER_PATHS = NO;
				CLANG_CXX_LANGUAGE_STANDARD = "gnu++0x";
				CLANG_CXX_LIBRARY = "libc++";
				CLANG_ENABLE_MODULES = YES;
				CLANG_ENABLE_OBJC_ARC = YES;
				CLANG_WARN_BOOL_CONVERSION = YES;
				CLANG_WARN_CONSTANT_CONVERSION = YES;
				CLANG_WARN_DIRECT_OBJC_ISA_USAGE = YES_ERROR;
				CLANG_WARN_EMPTY_BODY = YES;
				CLANG_WARN_ENUM_CONVERSION = YES;
				CLANG_WARN_INT_CONVERSION = YES;
				CLANG_WARN_OBJC_ROOT_CLASS = YES_ERROR;
				CLANG_WARN__DUPLICATE_METHOD_MATCH = YES;
				"CODE_SIGN_IDENTITY[sdk=iphoneos*]" = "iPhone Developer";
				COPY_PHASE_STRIP = YES;
				ENABLE_NS_ASSERTIONS = NO;
				GCC_C_LANGUAGE_STANDARD = gnu99;
				GCC_WARN_64_TO_32_BIT_CONVERSION = YES;
				GCC_WARN_ABOUT_RETURN_TYPE = YES_ERROR;
				GCC_WARN_UNDECLARED_SELECTOR = YES;
				GCC_WARN_UNINITIALIZED_AUTOS = YES_AGGRESSIVE;
				GCC_WARN_UNUSED_FUNCTION = YES;
				GCC_WARN_UNUSED_VARIABLE = YES;
				IPHONEOS_DEPLOYMENT_TARGET = 7.1;
				SDKROOT = iphoneos;
				TARGETED_DEVICE_FAMILY = "1,2";
				VALIDATE_PRODUCT = YES;
			};
			name = Release;
		};
		4EA73B6319E14296003189D0 /* Debug */ = {
			isa = XCBuildConfiguration;
			baseConfigurationReference = 6411D3D1F242D69CEEDB45E3 /* Pods-tableView.debug.xcconfig */;
			buildSettings = {
				ASSETCATALOG_COMPILER_APPICON_NAME = AppIcon;
				ASSETCATALOG_COMPILER_LAUNCHIMAGE_NAME = LaunchImage;
				CLANG_ENABLE_OBJC_ARC = YES;
				CLANG_MODULES_AUTOLINK = YES;
				DEVELOPMENT_TEAM = 3SE6KJCLPR;
				ENABLE_BITCODE = NO;
				GCC_PRECOMPILE_PREFIX_HEADER = YES;
				GCC_PREFIX_HEADER = "tableView/tableView-Prefix.pch";
				INFOPLIST_FILE = "tableView/tableView-Info.plist";
				PRODUCT_BUNDLE_IDENTIFIER = com.will.tableView;
				PRODUCT_NAME = "$(TARGET_NAME)";
				TARGETED_DEVICE_FAMILY = 1;
				USER_HEADER_SEARCH_PATHS = "$(PROJECT_DIR)/framework/source $(PROJECT_DIR)/framework/source/iOS";
				WRAPPER_EXTENSION = app;
			};
			name = Debug;
		};
		4EA73B6419E14296003189D0 /* Release */ = {
			isa = XCBuildConfiguration;
			baseConfigurationReference = 037B00E941BA4E11C6B07870 /* Pods-tableView.release.xcconfig */;
			buildSettings = {
				ASSETCATALOG_COMPILER_APPICON_NAME = AppIcon;
				ASSETCATALOG_COMPILER_LAUNCHIMAGE_NAME = LaunchImage;
				CLANG_ENABLE_OBJC_ARC = YES;
				CLANG_MODULES_AUTOLINK = YES;
				DEVELOPMENT_TEAM = 3SE6KJCLPR;
				ENABLE_BITCODE = NO;
				GCC_PRECOMPILE_PREFIX_HEADER = YES;
				GCC_PREFIX_HEADER = "tableView/tableView-Prefix.pch";
				INFOPLIST_FILE = "tableView/tableView-Info.plist";
				PRODUCT_BUNDLE_IDENTIFIER = com.will.tableView;
				PRODUCT_NAME = "$(TARGET_NAME)";
				TARGETED_DEVICE_FAMILY = 1;
				USER_HEADER_SEARCH_PATHS = "$(PROJECT_DIR)/framework/source $(PROJECT_DIR)/framework/source/iOS";
				WRAPPER_EXTENSION = app;
			};
			name = Release;
		};
		4EA73B6619E14296003189D0 /* Debug */ = {
			isa = XCBuildConfiguration;
			buildSettings = {
				BUNDLE_LOADER = "$(BUILT_PRODUCTS_DIR)/tableView.app/tableView";
				FRAMEWORK_SEARCH_PATHS = (
					"$(SDKROOT)/Developer/Library/Frameworks",
					"$(inherited)",
					"$(DEVELOPER_FRAMEWORKS_DIR)",
				);
				GCC_PRECOMPILE_PREFIX_HEADER = YES;
				GCC_PREFIX_HEADER = "tableView/tableView-Prefix.pch";
				GCC_PREPROCESSOR_DEFINITIONS = (
					"DEBUG=1",
					"$(inherited)",
				);
				INFOPLIST_FILE = "tableViewTests/tableViewTests-Info.plist";
				PRODUCT_NAME = "$(TARGET_NAME)";
				TEST_HOST = "$(BUNDLE_LOADER)";
				WRAPPER_EXTENSION = xctest;
			};
			name = Debug;
		};
		4EA73B6719E14296003189D0 /* Release */ = {
			isa = XCBuildConfiguration;
			buildSettings = {
				BUNDLE_LOADER = "$(BUILT_PRODUCTS_DIR)/tableView.app/tableView";
				FRAMEWORK_SEARCH_PATHS = (
					"$(SDKROOT)/Developer/Library/Frameworks",
					"$(inherited)",
					"$(DEVELOPER_FRAMEWORKS_DIR)",
				);
				GCC_PRECOMPILE_PREFIX_HEADER = YES;
				GCC_PREFIX_HEADER = "tableView/tableView-Prefix.pch";
				INFOPLIST_FILE = "tableViewTests/tableViewTests-Info.plist";
				PRODUCT_NAME = "$(TARGET_NAME)";
				TEST_HOST = "$(BUNDLE_LOADER)";
				WRAPPER_EXTENSION = xctest;
			};
			name = Release;
		};
/* End XCBuildConfiguration section */

/* Begin XCConfigurationList section */
		4EA73B3119E14296003189D0 /* Build configuration list for PBXProject "tableView" */ = {
			isa = XCConfigurationList;
			buildConfigurations = (
				4EA73B6019E14296003189D0 /* Debug */,
				4EA73B6119E14296003189D0 /* Release */,
			);
			defaultConfigurationIsVisible = 0;
			defaultConfigurationName = Release;
		};
		4EA73B6219E14296003189D0 /* Build configuration list for PBXNativeTarget "tableView" */ = {
			isa = XCConfigurationList;
			buildConfigurations = (
				4EA73B6319E14296003189D0 /* Debug */,
				4EA73B6419E14296003189D0 /* Release */,
			);
			defaultConfigurationIsVisible = 0;
			defaultConfigurationName = Release;
		};
		4EA73B6519E14296003189D0 /* Build configuration list for PBXNativeTarget "tableViewTests" */ = {
			isa = XCConfigurationList;
			buildConfigurations = (
				4EA73B6619E14296003189D0 /* Debug */,
				4EA73B6719E14296003189D0 /* Release */,
			);
			defaultConfigurationIsVisible = 0;
			defaultConfigurationName = Release;
		};
/* End XCConfigurationList section */
	};
	rootObject = 4EA73B2E19E14296003189D0 /* Project object */;
}
